
Microsoft Visual Studio Solution File, Format Version 12.00
# Visual Studio Version 17
VisualStudioVersion = 17.4.33205.214
MinimumVisualStudioVersion = 10.0.40219.1
Project("{FAE04EC0-301F-11D3-BF4B-00C04F79EFBC}") = "DemoDocker", "DemoDocker\DemoDocker.csproj", "{ACA00997-1CE9-4487-B270-4518C61F52C8}"
EndProject
Global
	GlobalSection(SolutionConfigurationPlatforms) = preSolution
		Debug|Any CPU = Debug|Any CPU
		Release|Any CPU = Release|Any CPU
	EndGlobalSection
	GlobalSection(ProjectConfigurationPlatforms) = postSolution
		{ACA00997-1CE9-4487-B270-4518C61F52C8}.Debug|Any CPU.ActiveCfg = Debug|Any CPU
		{ACA00997-1CE9-4487-B270-4518C61F52C8}.Debug|Any CPU.Build.0 = Debug|Any CPU
		{ACA00997-1CE9-4487-B270-4518C61F52C8}.Release|Any CPU.ActiveCfg = Release|Any CPU
		{ACA00997-1CE9-4487-B270-4518C61F52C8}.Release|Any CPU.Build.0 = Release|Any CPU
	EndGlobalSection
	GlobalSection(SolutionProperties) = preSolution
		HideSolutionNode = FALSE
	EndGlobalSection
	GlobalSection(ExtensibilityGlobals) = postSolution
		SolutionGuid = {92AFD7A0-EDB8-4512-AF50-CCE19F229DB0}
	EndGlobalSection
EndGlobal
